
Microsoft Visual Studio Solution File, Format Version 12.00
# Visual Studio Version 17
VisualStudioVersion = 17.8.34408.163
MinimumVisualStudioVersion = 10.0.40219.1
Project("{9A19103F-16F7-4668-BE54-9A1E7A4F7556}") = "Day01", "Day01\Day01.csproj", "{0E76EDB3-D5DC-4947-846B-3D580616B8C1}"
EndProject
Project("{9A19103F-16F7-4668-BE54-9A1E7A4F7556}") = "Day02", "Day02\Day02.csproj", "{AEC7F22E-DD3A-44BE-BE1E-F20D794E15EA}"
EndProject
Project("{9A19103F-16F7-4668-BE54-9A1E7A4F7556}") = "Day03", "Day03\Day03.csproj", "{C8A95DC1-C83D-49DE-BCA1-08CE8CD91D72}"
EndProject
Project("{9A19103F-16F7-4668-BE54-9A1E7A4F7556}") = "FirstWebApplication", "FirstWebApplication\FirstWebApplication.csproj", "{8579D630-4706-49F5-B093-21B78E450E2A}"
EndProject
Project("{9A19103F-16F7-4668-BE54-9A1E7A4F7556}") = "Day12", "Day12\Day12.csproj", "{4B4D6C9F-9570-4CF1-9A70-6B876F9D6AAB}"
EndProject
Project("{9A19103F-16F7-4668-BE54-9A1E7A4F7556}") = "StackOverflowException", "StackOverflowException\StackOverflowException.csproj", "{39AF34EE-D014-4285-A54F-0F96264F5975}"
EndProject
Project("{9A19103F-16F7-4668-BE54-9A1E7A4F7556}") = "Day13", "Day13\Day13.csproj", "{4FA8F751-B5EA-4A79-A988-91F0EEB7FBFC}"
EndProject
Project("{9A19103F-16F7-4668-BE54-9A1E7A4F7556}") = "Day14", "Day14\Day14.csproj", "{49B581EC-E59F-4C9C-B319-A3E4CD80FB2E}"
EndProject
Project("{9A19103F-16F7-4668-BE54-9A1E7A4F7556}") = "FileHandling", "FileHandling\FileHandling.csproj", "{5320020A-A147-4FFF-A217-0E3DE24936EF}"
EndProject
Project("{9A19103F-16F7-4668-BE54-9A1E7A4F7556}") = "SolidPrinciples", "SolidPrinciples\SolidPrinciples.csproj", "{9AFA9326-E9EB-4FFC-8B3E-9BCE16821FF7}"
EndProject
Project("{9A19103F-16F7-4668-BE54-9A1E7A4F7556}") = "SoftwareDesignPrinciples(DRY,KISS,YAGNI)", "SoftwareDesignPrinciples(DRY,KISS,YAGNI)\SoftwareDesignPrinciples(DRY,KISS,YAGNI).csproj", "{F228F05A-4DEA-4E05-A805-EA203914713B}"
EndProject
Project("{9A19103F-16F7-4668-BE54-9A1E7A4F7556}") = "DesignPatterns", "DesignPatterns\DesignPatterns.csproj", "{3D647384-DD64-4465-BCB1-230BA03A3B3F}"
EndProject
Project("{9A19103F-16F7-4668-BE54-9A1E7A4F7556}") = "MultiThreading", "MultiThreading\MultiThreading.csproj", "{90416471-D8D1-47AC-BE60-42FE6BB97BC2}"
EndProject
Project("{9A19103F-16F7-4668-BE54-9A1E7A4F7556}") = "Synchronization", "Synchronization\Synchronization.csproj", "{B56756EC-D0B7-4A98-A982-DE682B7C8FEF}"
EndProject
Project("{FAE04EC0-301F-11D3-BF4B-00C04F79EFBC}") = "LINQ", "LINQ\LINQ.csproj", "{82EFE70A-B02F-4593-A2D7-6FAC5E856677}"
EndProject
Global
	GlobalSection(SolutionConfigurationPlatforms) = preSolution
		Debug|Any CPU = Debug|Any CPU
		Release|Any CPU = Release|Any CPU
	EndGlobalSection
	GlobalSection(ProjectConfigurationPlatforms) = postSolution
		{0E76EDB3-D5DC-4947-846B-3D580616B8C1}.Debug|Any CPU.ActiveCfg = Debug|Any CPU
		{0E76EDB3-D5DC-4947-846B-3D580616B8C1}.Debug|Any CPU.Build.0 = Debug|Any CPU
		{0E76EDB3-D5DC-4947-846B-3D580616B8C1}.Release|Any CPU.ActiveCfg = Release|Any CPU
		{0E76EDB3-D5DC-4947-846B-3D580616B8C1}.Release|Any CPU.Build.0 = Release|Any CPU
		{AEC7F22E-DD3A-44BE-BE1E-F20D794E15EA}.Debug|Any CPU.ActiveCfg = Debug|Any CPU
		{AEC7F22E-DD3A-44BE-BE1E-F20D794E15EA}.Debug|Any CPU.Build.0 = Debug|Any CPU
		{AEC7F22E-DD3A-44BE-BE1E-F20D794E15EA}.Release|Any CPU.ActiveCfg = Release|Any CPU
		{AEC7F22E-DD3A-44BE-BE1E-F20D794E15EA}.Release|Any CPU.Build.0 = Release|Any CPU
		{C8A95DC1-C83D-49DE-BCA1-08CE8CD91D72}.Debug|Any CPU.ActiveCfg = Debug|Any CPU
		{C8A95DC1-C83D-49DE-BCA1-08CE8CD91D72}.Debug|Any CPU.Build.0 = Debug|Any CPU
		{C8A95DC1-C83D-49DE-BCA1-08CE8CD91D72}.Release|Any CPU.ActiveCfg = Release|Any CPU
		{C8A95DC1-C83D-49DE-BCA1-08CE8CD91D72}.Release|Any CPU.Build.0 = Release|Any CPU
		{8579D630-4706-49F5-B093-21B78E450E2A}.Debug|Any CPU.ActiveCfg = Debug|Any CPU
		{8579D630-4706-49F5-B093-21B78E450E2A}.Debug|Any CPU.Build.0 = Debug|Any CPU
		{8579D630-4706-49F5-B093-21B78E450E2A}.Release|Any CPU.ActiveCfg = Release|Any CPU
		{8579D630-4706-49F5-B093-21B78E450E2A}.Release|Any CPU.Build.0 = Release|Any CPU
		{4B4D6C9F-9570-4CF1-9A70-6B876F9D6AAB}.Debug|Any CPU.ActiveCfg = Debug|Any CPU
		{4B4D6C9F-9570-4CF1-9A70-6B876F9D6AAB}.Debug|Any CPU.Build.0 = Debug|Any CPU
		{4B4D6C9F-9570-4CF1-9A70-6B876F9D6AAB}.Release|Any CPU.ActiveCfg = Release|Any CPU
		{4B4D6C9F-9570-4CF1-9A70-6B876F9D6AAB}.Release|Any CPU.Build.0 = Release|Any CPU
		{39AF34EE-D014-4285-A54F-0F96264F5975}.Debug|Any CPU.ActiveCfg = Debug|Any CPU
		{39AF34EE-D014-4285-A54F-0F96264F5975}.Debug|Any CPU.Build.0 = Debug|Any CPU
		{39AF34EE-D014-4285-A54F-0F96264F5975}.Release|Any CPU.ActiveCfg = Release|Any CPU
		{39AF34EE-D014-4285-A54F-0F96264F5975}.Release|Any CPU.Build.0 = Release|Any CPU
		{4FA8F751-B5EA-4A79-A988-91F0EEB7FBFC}.Debug|Any CPU.ActiveCfg = Debug|Any CPU
		{4FA8F751-B5EA-4A79-A988-91F0EEB7FBFC}.Debug|Any CPU.Build.0 = Debug|Any CPU
		{4FA8F751-B5EA-4A79-A988-91F0EEB7FBFC}.Release|Any CPU.ActiveCfg = Release|Any CPU
		{4FA8F751-B5EA-4A79-A988-91F0EEB7FBFC}.Release|Any CPU.Build.0 = Release|Any CPU
		{49B581EC-E59F-4C9C-B319-A3E4CD80FB2E}.Debug|Any CPU.ActiveCfg = Debug|Any CPU
		{49B581EC-E59F-4C9C-B319-A3E4CD80FB2E}.Debug|Any CPU.Build.0 = Debug|Any CPU
		{49B581EC-E59F-4C9C-B319-A3E4CD80FB2E}.Release|Any CPU.ActiveCfg = Release|Any CPU
		{49B581EC-E59F-4C9C-B319-A3E4CD80FB2E}.Release|Any CPU.Build.0 = Release|Any CPU
		{5320020A-A147-4FFF-A217-0E3DE24936EF}.Debug|Any CPU.ActiveCfg = Debug|Any CPU
		{5320020A-A147-4FFF-A217-0E3DE24936EF}.Debug|Any CPU.Build.0 = Debug|Any CPU
		{5320020A-A147-4FFF-A217-0E3DE24936EF}.Release|Any CPU.ActiveCfg = Release|Any CPU
		{5320020A-A147-4FFF-A217-0E3DE24936EF}.Release|Any CPU.Build.0 = Release|Any CPU
		{9AFA9326-E9EB-4FFC-8B3E-9BCE16821FF7}.Debug|Any CPU.ActiveCfg = Debug|Any CPU
		{9AFA9326-E9EB-4FFC-8B3E-9BCE16821FF7}.Debug|Any CPU.Build.0 = Debug|Any CPU
		{9AFA9326-E9EB-4FFC-8B3E-9BCE16821FF7}.Release|Any CPU.ActiveCfg = Release|Any CPU
		{9AFA9326-E9EB-4FFC-8B3E-9BCE16821FF7}.Release|Any CPU.Build.0 = Release|Any CPU
		{F228F05A-4DEA-4E05-A805-EA203914713B}.Debug|Any CPU.ActiveCfg = Debug|Any CPU
		{F228F05A-4DEA-4E05-A805-EA203914713B}.Debug|Any CPU.Build.0 = Debug|Any CPU
		{F228F05A-4DEA-4E05-A805-EA203914713B}.Release|Any CPU.ActiveCfg = Release|Any CPU
		{F228F05A-4DEA-4E05-A805-EA203914713B}.Release|Any CPU.Build.0 = Release|Any CPU
		{3D647384-DD64-4465-BCB1-230BA03A3B3F}.Debug|Any CPU.ActiveCfg = Debug|Any CPU
		{3D647384-DD64-4465-BCB1-230BA03A3B3F}.Debug|Any CPU.Build.0 = Debug|Any CPU
		{3D647384-DD64-4465-BCB1-230BA03A3B3F}.Release|Any CPU.ActiveCfg = Release|Any CPU
		{3D647384-DD64-4465-BCB1-230BA03A3B3F}.Release|Any CPU.Build.0 = Release|Any CPU
		{90416471-D8D1-47AC-BE60-42FE6BB97BC2}.Debug|Any CPU.ActiveCfg = Debug|Any CPU
		{90416471-D8D1-47AC-BE60-42FE6BB97BC2}.Debug|Any CPU.Build.0 = Debug|Any CPU
		{90416471-D8D1-47AC-BE60-42FE6BB97BC2}.Release|Any CPU.ActiveCfg = Release|Any CPU
		{90416471-D8D1-47AC-BE60-42FE6BB97BC2}.Release|Any CPU.Build.0 = Release|Any CPU
		{B56756EC-D0B7-4A98-A982-DE682B7C8FEF}.Debug|Any CPU.ActiveCfg = Debug|Any CPU
		{B56756EC-D0B7-4A98-A982-DE682B7C8FEF}.Debug|Any CPU.Build.0 = Debug|Any CPU
		{B56756EC-D0B7-4A98-A982-DE682B7C8FEF}.Release|Any CPU.ActiveCfg = Release|Any CPU
		{B56756EC-D0B7-4A98-A982-DE682B7C8FEF}.Release|Any CPU.Build.0 = Release|Any CPU
		{82EFE70A-B02F-4593-A2D7-6FAC5E856677}.Debug|Any CPU.ActiveCfg = Debug|Any CPU
		{82EFE70A-B02F-4593-A2D7-6FAC5E856677}.Debug|Any CPU.Build.0 = Debug|Any CPU
		{82EFE70A-B02F-4593-A2D7-6FAC5E856677}.Release|Any CPU.ActiveCfg = Release|Any CPU
		{82EFE70A-B02F-4593-A2D7-6FAC5E856677}.Release|Any CPU.Build.0 = Release|Any CPU
	EndGlobalSection
	GlobalSection(SolutionProperties) = preSolution
		HideSolutionNode = FALSE
	EndGlobalSection
	GlobalSection(ExtensibilityGlobals) = postSolution
		SolutionGuid = {F20AF9AC-5B62-4DB1-8FA6-44ED8182BA0C}
	EndGlobalSection
EndGlobal
